// !$*UTF8*$!
{
	archiveVersion = 1;
	classes = {
	};
	objectVersion = 50;
	objects = {

/* Begin PBXBuildFile section */
		BA931E4E2274FDAE0095A4C0 /* AppDelegate.m in Sources */ = {isa = PBXBuildFile; fileRef = BA931E4D2274FDAE0095A4C0 /* AppDelegate.m */; };
		BA931E512274FDAE0095A4C0 /* ViewController.m in Sources */ = {isa = PBXBuildFile; fileRef = BA931E502274FDAE0095A4C0 /* ViewController.m */; };
		BA931E542274FDAE0095A4C0 /* Main.storyboard in Resources */ = {isa = PBXBuildFile; fileRef = BA931E522274FDAE0095A4C0 /* Main.storyboard */; };
		BA931E562274FDCD0095A4C0 /* Assets.xcassets in Resources */ = {isa = PBXBuildFile; fileRef = BA931E552274FDCD0095A4C0 /* Assets.xcassets */; };
		BA931E592274FDCD0095A4C0 /* LaunchScreen.storyboard in Resources */ = {isa = PBXBuildFile; fileRef = BA931E572274FDCD0095A4C0 /* LaunchScreen.storyboard */; };
		BA931E5C2274FDCE0095A4C0 /* main.m in Sources */ = {isa = PBXBuildFile; fileRef = BA931E5B2274FDCE0095A4C0 /* main.m */; };
		BA931E64227504270095A4C0 /* Calculator.m in Sources */ = {isa = PBXBuildFile; fileRef = BA931E63227504270095A4C0 /* Calculator.m */; };
/* End PBXBuildFile section */

/* Begin PBXFileReference section */
		BA931E492274FDAE0095A4C0 /* iPhoneCalculator.app */ = {isa = PBXFileReference; explicitFileType = wrapper.application; includeInIndex = 0; path = iPhoneCalculator.app; sourceTree = BUILT_PRODUCTS_DIR; };
		BA931E4C2274FDAE0095A4C0 /* AppDelegate.h */ = {isa = PBXFileReference; lastKnownFileType = sourcecode.c.h; path = AppDelegate.h; sourceTree = "<group>"; };
		BA931E4D2274FDAE0095A4C0 /* AppDelegate.m */ = {isa = PBXFileReference; lastKnownFileType = sourcecode.c.objc; path = AppDelegate.m; sourceTree = "<group>"; };
		BA931E4F2274FDAE0095A4C0 /* ViewController.h */ = {isa = PBXFileReference; lastKnownFileType = sourcecode.c.h; path = ViewController.h; sourceTree = "<group>"; };
		BA931E502274FDAE0095A4C0 /* ViewController.m */ = {isa = PBXFileReference; lastKnownFileType = sourcecode.c.objc; path = ViewController.m; sourceTree = "<group>"; };
		BA931E532274FDAE0095A4C0 /* Base */ = {isa = PBXFileReference; lastKnownFileType = file.storyboard; name = Base; path = Base.lproj/Main.storyboard; sourceTree = "<group>"; };
		BA931E552274FDCD0095A4C0 /* Assets.xcassets */ = {isa = PBXFileReference; lastKnownFileType = folder.assetcatalog; path = Assets.xcassets; sourceTree = "<group>"; };
		BA931E582274FDCD0095A4C0 /* Base */ = {isa = PBXFileReference; lastKnownFileType = file.storyboard; name = Base; path = Base.lproj/LaunchScreen.storyboard; sourceTree = "<group>"; };
		BA931E5A2274FDCE0095A4C0 /* Info.plist */ = {isa = PBXFileReference; lastKnownFileType = text.plist.xml; path = Info.plist; sourceTree = "<group>"; };
		BA931E5B2274FDCE0095A4C0 /* main.m */ = {isa = PBXFileReference; lastKnownFileType = sourcecode.c.objc; path = main.m; sourceTree = "<group>"; };
		BA931E62227504270095A4C0 /* Calculator.h */ = {isa = PBXFileReference; lastKnownFileType = sourcecode.c.h; path = Calculator.h; sourceTree = "<group>"; };
		BA931E63227504270095A4C0 /* Calculator.m */ = {isa = PBXFileReference; lastKnownFileType = sourcecode.c.objc; path = Calculator.m; sourceTree = "<group>"; };
/* End PBXFileReference section */

/* Begin PBXFrameworksBuildPhase section */
		BA931E462274FDAE0095A4C0 /* Frameworks */ = {
			isa = PBXFrameworksBuildPhase;
			buildActionMask = 2147483647;
			files = (
			);
			runOnlyForDeploymentPostprocessing = 0;
		};
/* End PBXFrameworksBuildPhase section */

/* Begin PBXGroup section */
		BA931E402274FDAE0095A4C0 = {
			isa = PBXGroup;
			children = (
				BA931E4B2274FDAE0095A4C0 /* iPhoneCalculator */,
				BA931E4A2274FDAE0095A4C0 /* Products */,
			);
			sourceTree = "<group>";
		};
		BA931E4A2274FDAE0095A4C0 /* Products */ = {
			isa = PBXGroup;
			children = (
				BA931E492274FDAE0095A4C0 /* iPhoneCalculator.app */,
			);
			name = Products;
			sourceTree = "<group>";
		};
		BA931E4B2274FDAE0095A4C0 /* iPhoneCalculator */ = {
			isa = PBXGroup;
			children = (
				BA931E4C2274FDAE0095A4C0 /* AppDelegate.h */,
				BA931E4D2274FDAE0095A4C0 /* AppDelegate.m */,
				BA931E4F2274FDAE0095A4C0 /* ViewController.h */,
				BA931E502274FDAE0095A4C0 /* ViewController.m */,
				BA931E522274FDAE0095A4C0 /* Main.storyboard */,
				BA931E552274FDCD0095A4C0 /* Assets.xcassets */,
				BA931E572274FDCD0095A4C0 /* LaunchScreen.storyboard */,
				BA931E5A2274FDCE0095A4C0 /* Info.plist */,
				BA931E5B2274FDCE0095A4C0 /* main.m */,
				BA931E62227504270095A4C0 /* Calculator.h */,
				BA931E63227504270095A4C0 /* Calculator.m */,
			);
			path = iPhoneCalculator;
			sourceTree = "<group>";
		};
/* End PBXGroup section */

/* Begin PBXNativeTarget section */
		BA931E482274FDAE0095A4C0 /* iPhoneCalculator */ = {
			isa = PBXNativeTarget;
			buildConfigurationList = BA931E5F2274FDCE0095A4C0 /* Build configuration list for PBXNativeTarget "iPhoneCalculator" */;
			buildPhases = (
				BA931E452274FDAE0095A4C0 /* Sources */,
				BA931E462274FDAE0095A4C0 /* Frameworks */,
				BA931E472274FDAE0095A4C0 /* Resources */,
			);
			buildRules = (
			);
			dependencies = (
			);
			name = iPhoneCalculator;
			productName = iPhoneCalculator;
			productReference = BA931E492274FDAE0095A4C0 /* iPhoneCalculator.app */;
			productType = "com.apple.product-type.application";
		};
/* End PBXNativeTarget section */

/* Begin PBXProject section */
		BA931E412274FDAE0095A4C0 /* Project object */ = {
			isa = PBXProject;
			attributes = {
				LastUpgradeCheck = 0930;
				ORGANIZATIONNAME = Sahar;
				TargetAttributes = {
					BA931E482274FDAE0095A4C0 = {
						CreatedOnToolsVersion = 9.3;
					};
				};
			};
			buildConfigurationList = BA931E442274FDAE0095A4C0 /* Build configuration list for PBXProject "iPhoneCalculator" */;
			compatibilityVersion = "Xcode 9.3";
			developmentRegion = en;
			hasScannedForEncodings = 0;
			knownRegions = (
				en,
				Base,
			);
			mainGroup = BA931E402274FDAE0095A4C0;
			productRefGroup = BA931E4A2274FDAE0095A4C0 /* Products */;
			projectDirPath = "";
			projectRoot = "";
			targets = (
				BA931E482274FDAE0095A4C0 /* iPhoneCalculator */,
			);
		};
/* End PBXProject section */

/* Begin PBXResourcesBuildPhase section */
		BA931E472274FDAE0095A4C0 /* Resources */ = {
			isa = PBXResourcesBuildPhase;
			buildActionMask = 2147483647;
			files = (
				BA931E592274FDCD0095A4C0 /* LaunchScreen.storyboard in Resources */,
				BA931E562274FDCD0095A4C0 /* Assets.xcassets in Resources */,
				BA931E542274FDAE0095A4C0 /* Main.storyboard in Resources */,
			);
			runOnlyForDeploymentPostprocessing = 0;
		};
/* End PBXResourcesBuildPhase section */

/* Begin PBXSourcesBuildPhase section */
		BA931E452274FDAE0095A4C0 /* Sources */ = {
			isa = PBXSourcesBuildPhase;
			buildActionMask = 2147483647;
			files = (
				BA931E512274FDAE0095A4C0 /* ViewController.m in Sources */,
				BA931E64227504270095A4C0 /* Calculator.m in Sources */,
				BA931E5C2274FDCE0095A4C0 /* main.m in Sources */,
				BA931E4E2274FDAE0095A4C0 /* AppDelegate.m in Sources */,
			);
			runOnlyForDeploymentPostprocessing = 0;
		};
/* End PBXSourcesBuildPhase section */

/* Begin PBXVariantGroup section */
		BA931E522274FDAE0095A4C0 /* Main.storyboard */ = {
			isa = PBXVariantGroup;
			children = (
				BA931E532274FDAE0095A4C0 /* Base */,
			);
			name = Main.storyboard;
			sourceTree = "<group>";
		};
		BA931E572274FDCD0095A4C0 /* LaunchScreen.storyboard */ = {
			isa = PBXVariantGroup;
			children = (
				BA931E582274FDCD0095A4C0 /* Base */,
			);
			name = LaunchScreen.storyboard;
			sourceTree = "<group>";
		};
/* End PBXVariantGroup section */

/* Begin XCBuildConfiguration section */
		BA931E5D2274FDCE0095A4C0 /* Debug */ = {
			isa = XCBuildConfiguration;
			buildSettings = {
				ALWAYS_SEARCH_USER_PATHS = NO;
				CLANG_ANALYZER_NONNULL = YES;
				CLANG_ANALYZER_NUMBER_OBJECT_CONVERSION = YES_AGGRESSIVE;
				CLANG_CXX_LANGUAGE_STANDARD = "gnu++14";
				CLANG_CXX_LIBRARY = "libc++";
				CLANG_ENABLE_MODULES = YES;
				CLANG_ENABLE_OBJC_ARC = YES;
				CLANG_ENABLE_OBJC_WEAK = YES;
				CLANG_WARN_BLOCK_CAPTURE_AUTORELEASING = YES;
				CLANG_WARN_BOOL_CONVERSION = YES;
				CLANG_WARN_COMMA = YES;
				CLANG_WARN_CONSTANT_CONVERSION = YES;
				CLANG_WARN_DEPRECATED_OBJC_IMPLEMENTATIONS = YES;
				CLANG_WARN_DIRECT_OBJC_ISA_USAGE = YES_ERROR;
				CLANG_WARN_DOCUMENTATION_COMMENTS = YES;
				CLANG_WARN_EMPTY_BODY = YES;
				CLANG_WARN_ENUM_CONVERSION = YES;
				CLANG_WARN_INFINITE_RECURSION = YES;
				CLANG_WARN_INT_CONVERSION = YES;
				CLANG_WARN_NON_LITERAL_NULL_CONVERSION = YES;
				CLANG_WARN_OBJC_IMPLICIT_RETAIN_SELF = YES;
				CLANG_WARN_OBJC_LITERAL_CONVERSION = YES;
				CLANG_WARN_OBJC_ROOT_CLASS = YES_ERROR;
				CLANG_WARN_RANGE_LOOP_ANALYSIS = YES;
				CLANG_WARN_STRICT_PROTOTYPES = YES;
				CLANG_WARN_SUSPICIOUS_MOVE = YES;
				CLANG_WARN_UNGUARDED_AVAILABILITY = YES_AGGRESSIVE;
				CLANG_WARN_UNREACHABLE_CODE = YES;
				CLANG_WARN__DUPLICATE_METHOD_MATCH = YES;
				CODE_SIGN_IDENTITY = "iPhone Developer";
				COPY_PHASE_STRIP = NO;
				DEBUG_INFORMATION_FORMAT = dwarf;
				ENABLE_STRICT_OBJC_MSGSEND = YES;
				ENABLE_TESTABILITY = YES;
				GCC_C_LANGUAGE_STANDARD = gnu11;
				GCC_DYNAMIC_NO_PIC = NO;
				GCC_NO_COMMON_BLOCKS = YES;
				GCC_OPTIMIZATION_LEVEL = 0;
				GCC_PREPROCESSOR_DEFINITIONS = (
					"DEBUG=1",
					"$(inherited)",
				);
				GCC_WARN_64_TO_32_BIT_CONVERSION = YES;
				GCC_WARN_ABOUT_RETURN_TYPE = YES_ERROR;
				GCC_WARN_UNDECLARED_SELECTOR = YES;
				GCC_WARN_UNINITIALIZED_AUTOS = YES_AGGRESSIVE;
				GCC_WARN_UNUSED_FUNCTION = YES;
				GCC_WARN_UNUSED_VARIABLE = YES;
				IPHONEOS_DEPLOYMENT_TARGET = 11.3;
				MTL_ENABLE_DEBUG_INFO = YES;
				ONLY_ACTIVE_ARCH = YES;
				SDKROOT = iphoneos;
			};
			name = Debug;
		};
		BA931E5E2274FDCE0095A4C0 /* Release */ = {
			isa = XCBuildConfiguration;
			buildSettings = {
				ALWAYS_SEARCH_USER_PATHS = NO;
				CLANG_ANALYZER_NONNULL = YES;
				CLANG_ANALYZER_NUMBER_OBJECT_CONVERSION = YES_AGGRESSIVE;
				CLANG_CXX_LANGUAGE_STANDARD = "gnu++14";
				CLANG_CXX_LIBRARY = "libc++";
				CLANG_ENABLE_MODULES = YES;
				CLANG_ENABLE_OBJC_ARC = YES;
				CLANG_ENABLE_OBJC_WEAK = YES;
				CLANG_WARN_BLOCK_CAPTURE_AUTORELEASING = YES;
				CLANG_WARN_BOOL_CONVERSION = YES;
				CLANG_WARN_COMMA = YES;
				CLANG_WARN_CONSTANT_CONVERSION = YES;
				CLANG_WARN_DEPRECATED_OBJC_IMPLEMENTATIONS = YES;
				CLANG_WARN_DIRECT_OBJC_ISA_USAGE = YES_ERROR;
				CLANG_WARN_DOCUMENTATION_COMMENTS = YES;
				CLANG_WARN_EMPTY_BODY = YES;
				CLANG_WARN_ENUM_CONVERSION = YES;
				CLANG_WARN_INFINITE_RECURSION = YES;
				CLANG_WARN_INT_CONVERSION = YES;
				CLANG_WARN_NON_LITERAL_NULL_CONVERSION = YES;
				CLANG_WARN_OBJC_IMPLICIT_RETAIN_SELF = YES;
				CLANG_WARN_OBJC_LITERAL_CONVERSION = YES;
				CLANG_WARN_OBJC_ROOT_CLASS = YES_ERROR;
				CLANG_WARN_RANGE_LOOP_ANALYSIS = YES;
				CLANG_WARN_STRICT_PROTOTYPES = YES;
				CLANG_WARN_SUSPICIOUS_MOVE = YES;
				CLANG_WARN_UNGUARDED_AVAILABILITY = YES_AGGRESSIVE;
				CLANG_WARN_UNREACHABLE_CODE = YES;
				CLANG_WARN__DUPLICATE_METHOD_MATCH = YES;
				CODE_SIGN_IDENTITY = "iPhone Developer";
				COPY_PHASE_STRIP = NO;
				DEBUG_INFORMATION_FORMAT = "dwarf-with-dsym";
				ENABLE_NS_ASSERTIONS = NO;
				ENABLE_STRICT_OBJC_MSGSEND = YES;
				GCC_C_LANGUAGE_STANDARD = gnu11;
				GCC_NO_COMMON_BLOCKS = YES;
				GCC_WARN_64_TO_32_BIT_CONVERSION = YES;
				GCC_WARN_ABOUT_RETURN_TYPE = YES_ERROR;
				GCC_WARN_UNDECLARED_SELECTOR = YES;
				GCC_WARN_UNINITIALIZED_AUTOS = YES_AGGRESSIVE;
				GCC_WARN_UNUSED_FUNCTION = YES;
				GCC_WARN_UNUSED_VARIABLE = YES;
				IPHONEOS_DEPLOYMENT_TARGET = 11.3;
				MTL_ENABLE_DEBUG_INFO = NO;
				SDKROOT = iphoneos;
				VALIDATE_PRODUCT = YES;
			};
			name = Release;
		};
		BA931E602274FDCE0095A4C0 /* Debug */ = {
			isa = XCBuildConfiguration;
			buildSettings = {
				ASSETCATALOG_COMPILER_APPICON_NAME = AppIcon;
				CODE_SIGN_STYLE = Automatic;
				INFOPLIST_FILE = iPhoneCalculator/Info.plist;
				LD_RUNPATH_SEARCH_PATHS = (
					"$(inherited)",
					"@executable_path/Frameworks",
				);
				PRODUCT_BUNDLE_IDENTIFIER = com.ep.iPhoneCalculator;
				PRODUCT_NAME = "$(TARGET_NAME)";
				TARGETED_DEVICE_FAMILY = "1,2";
			};
			name = Debug;
		};
		BA931E612274FDCE0095A4C0 /* Release */ = {
			isa = XCBuildConfiguration;
			buildSettings = {
				ASSETCATALOG_COMPILER_APPICON_NAME = AppIcon;
				CODE_SIGN_STYLE = Automatic;
				INFOPLIST_FILE = iPhoneCalculator/Info.plist;
				LD_RUNPATH_SEARCH_PATHS = (
					"$(inherited)",
					"@executable_path/Frameworks",
				);
				PRODUCT_BUNDLE_IDENTIFIER = com.ep.iPhoneCalculator;
				PRODUCT_NAME = "$(TARGET_NAME)";
				TARGETED_DEVICE_FAMILY = "1,2";
			};
			name = Release;
		};
/* End XCBuildConfiguration section */

/* Begin XCConfigurationList section */
		BA931E442274FDAE0095A4C0 /* Build configuration list for PBXProject "iPhoneCalculator" */ = {
			isa = XCConfigurationList;
			buildConfigurations = (
				BA931E5D2274FDCE0095A4C0 /* Debug */,
				BA931E5E2274FDCE0095A4C0 /* Release */,
			);
			defaultConfigurationIsVisible = 0;
			defaultConfigurationName = Release;
		};
		BA931E5F2274FDCE0095A4C0 /* Build configuration list for PBXNativeTarget "iPhoneCalculator" */ = {
			isa = XCConfigurationList;
			buildConfigurations = (
				BA931E602274FDCE0095A4C0 /* Debug */,
				BA931E612274FDCE0095A4C0 /* Release */,
			);
			defaultConfigurationIsVisible = 0;
			defaultConfigurationName = Release;
		};
/* End XCConfigurationList section */
	};
	rootObject = BA931E412274FDAE0095A4C0 /* Project object */;
}
