// !$*UTF8*$!
{
	archiveVersion = 1;
	classes = {
	};
	objectVersion = 50;
	objects = {

/* Begin PBXBuildFile section */
		0520B222B769D2589033236A /* libPods-ImageCollecion.a in Frameworks */ = {isa = PBXBuildFile; fileRef = 2DFE79634F7E2E30ED3AC28C /* libPods-ImageCollecion.a */; };
		BA796C5D2273B3910078EBF9 /* woman3.png in Resources */ = {isa = PBXBuildFile; fileRef = BA796C5A2273B38F0078EBF9 /* woman3.png */; };
		BA796C5E2273B3910078EBF9 /* woman1.png in Resources */ = {isa = PBXBuildFile; fileRef = BA796C5B2273B3900078EBF9 /* woman1.png */; };
		BA796C5F2273B3910078EBF9 /* woman2.png in Resources */ = {isa = PBXBuildFile; fileRef = BA796C5C2273B3910078EBF9 /* woman2.png */; };
		BA796C622273C1880078EBF9 /* DataRetreiver.m in Sources */ = {isa = PBXBuildFile; fileRef = BA796C612273C1880078EBF9 /* DataRetreiver.m */; };
		BAE44EAE2273AD0D00E335F0 /* AppDelegate.m in Sources */ = {isa = PBXBuildFile; fileRef = BAE44EAD2273AD0D00E335F0 /* AppDelegate.m */; };
		BAE44EB12273AD0D00E335F0 /* ViewController.m in Sources */ = {isa = PBXBuildFile; fileRef = BAE44EB02273AD0D00E335F0 /* ViewController.m */; };
		BAE44EB42273AD0E00E335F0 /* Main.storyboard in Resources */ = {isa = PBXBuildFile; fileRef = BAE44EB22273AD0E00E335F0 /* Main.storyboard */; };
		BAE44EB62273AD8D00E335F0 /* Assets.xcassets in Resources */ = {isa = PBXBuildFile; fileRef = BAE44EB52273AD8D00E335F0 /* Assets.xcassets */; };
		BAE44EB92273AD8D00E335F0 /* LaunchScreen.storyboard in Resources */ = {isa = PBXBuildFile; fileRef = BAE44EB72273AD8D00E335F0 /* LaunchScreen.storyboard */; };
		BAE44EBC2273AD8E00E335F0 /* main.m in Sources */ = {isa = PBXBuildFile; fileRef = BAE44EBB2273AD8E00E335F0 /* main.m */; };
		BAE44EC42273AEB400E335F0 /* CollectionViewController.m in Sources */ = {isa = PBXBuildFile; fileRef = BAE44EC32273AEB400E335F0 /* CollectionViewController.m */; };
		BAE44EC72273AED500E335F0 /* CollectionViewCell.m in Sources */ = {isa = PBXBuildFile; fileRef = BAE44EC62273AED500E335F0 /* CollectionViewCell.m */; };
/* End PBXBuildFile section */

/* Begin PBXFileReference section */
		2DFE79634F7E2E30ED3AC28C /* libPods-ImageCollecion.a */ = {isa = PBXFileReference; explicitFileType = archive.ar; includeInIndex = 0; path = "libPods-ImageCollecion.a"; sourceTree = BUILT_PRODUCTS_DIR; };
		5803653F9680D4F3069B5BB3 /* Pods-ImageCollecion.release.xcconfig */ = {isa = PBXFileReference; includeInIndex = 1; lastKnownFileType = text.xcconfig; name = "Pods-ImageCollecion.release.xcconfig"; path = "Pods/Target Support Files/Pods-ImageCollecion/Pods-ImageCollecion.release.xcconfig"; sourceTree = "<group>"; };
		9A74C77649840E3ED87C8B5D /* Pods-ImageCollecion.debug.xcconfig */ = {isa = PBXFileReference; includeInIndex = 1; lastKnownFileType = text.xcconfig; name = "Pods-ImageCollecion.debug.xcconfig"; path = "Pods/Target Support Files/Pods-ImageCollecion/Pods-ImageCollecion.debug.xcconfig"; sourceTree = "<group>"; };
		BA796C5A2273B38F0078EBF9 /* woman3.png */ = {isa = PBXFileReference; lastKnownFileType = image.png; path = woman3.png; sourceTree = "<group>"; };
		BA796C5B2273B3900078EBF9 /* woman1.png */ = {isa = PBXFileReference; lastKnownFileType = image.png; path = woman1.png; sourceTree = "<group>"; };
		BA796C5C2273B3910078EBF9 /* woman2.png */ = {isa = PBXFileReference; lastKnownFileType = image.png; path = woman2.png; sourceTree = "<group>"; };
		BA796C602273C1870078EBF9 /* DataRetreiver.h */ = {isa = PBXFileReference; lastKnownFileType = sourcecode.c.h; path = DataRetreiver.h; sourceTree = "<group>"; };
		BA796C612273C1880078EBF9 /* DataRetreiver.m */ = {isa = PBXFileReference; lastKnownFileType = sourcecode.c.objc; path = DataRetreiver.m; sourceTree = "<group>"; };
		BAE44EA92273AD0D00E335F0 /* ImageCollecion.app */ = {isa = PBXFileReference; explicitFileType = wrapper.application; includeInIndex = 0; path = ImageCollecion.app; sourceTree = BUILT_PRODUCTS_DIR; };
		BAE44EAC2273AD0D00E335F0 /* AppDelegate.h */ = {isa = PBXFileReference; lastKnownFileType = sourcecode.c.h; path = AppDelegate.h; sourceTree = "<group>"; };
		BAE44EAD2273AD0D00E335F0 /* AppDelegate.m */ = {isa = PBXFileReference; lastKnownFileType = sourcecode.c.objc; path = AppDelegate.m; sourceTree = "<group>"; };
		BAE44EAF2273AD0D00E335F0 /* ViewController.h */ = {isa = PBXFileReference; lastKnownFileType = sourcecode.c.h; path = ViewController.h; sourceTree = "<group>"; };
		BAE44EB02273AD0D00E335F0 /* ViewController.m */ = {isa = PBXFileReference; lastKnownFileType = sourcecode.c.objc; path = ViewController.m; sourceTree = "<group>"; };
		BAE44EB32273AD0E00E335F0 /* Base */ = {isa = PBXFileReference; lastKnownFileType = file.storyboard; name = Base; path = Base.lproj/Main.storyboard; sourceTree = "<group>"; };
		BAE44EB52273AD8D00E335F0 /* Assets.xcassets */ = {isa = PBXFileReference; lastKnownFileType = folder.assetcatalog; path = Assets.xcassets; sourceTree = "<group>"; };
		BAE44EB82273AD8D00E335F0 /* Base */ = {isa = PBXFileReference; lastKnownFileType = file.storyboard; name = Base; path = Base.lproj/LaunchScreen.storyboard; sourceTree = "<group>"; };
		BAE44EBA2273AD8E00E335F0 /* Info.plist */ = {isa = PBXFileReference; lastKnownFileType = text.plist.xml; path = Info.plist; sourceTree = "<group>"; };
		BAE44EBB2273AD8E00E335F0 /* main.m */ = {isa = PBXFileReference; lastKnownFileType = sourcecode.c.objc; path = main.m; sourceTree = "<group>"; };
		BAE44EC22273AEB400E335F0 /* CollectionViewController.h */ = {isa = PBXFileReference; lastKnownFileType = sourcecode.c.h; path = CollectionViewController.h; sourceTree = "<group>"; };
		BAE44EC32273AEB400E335F0 /* CollectionViewController.m */ = {isa = PBXFileReference; lastKnownFileType = sourcecode.c.objc; path = CollectionViewController.m; sourceTree = "<group>"; };
		BAE44EC52273AED500E335F0 /* CollectionViewCell.h */ = {isa = PBXFileReference; lastKnownFileType = sourcecode.c.h; path = CollectionViewCell.h; sourceTree = "<group>"; };
		BAE44EC62273AED500E335F0 /* CollectionViewCell.m */ = {isa = PBXFileReference; lastKnownFileType = sourcecode.c.objc; path = CollectionViewCell.m; sourceTree = "<group>"; };
/* End PBXFileReference section */

/* Begin PBXFrameworksBuildPhase section */
		BAE44EA62273AD0D00E335F0 /* Frameworks */ = {
			isa = PBXFrameworksBuildPhase;
			buildActionMask = 2147483647;
			files = (
				0520B222B769D2589033236A /* libPods-ImageCollecion.a in Frameworks */,
			);
			runOnlyForDeploymentPostprocessing = 0;
		};
/* End PBXFrameworksBuildPhase section */

/* Begin PBXGroup section */
		98284177AABEE3F1DAFC35F6 /* Pods */ = {
			isa = PBXGroup;
			children = (
				9A74C77649840E3ED87C8B5D /* Pods-ImageCollecion.debug.xcconfig */,
				5803653F9680D4F3069B5BB3 /* Pods-ImageCollecion.release.xcconfig */,
			);
			name = Pods;
			sourceTree = "<group>";
		};
		99A7A66BE2DE4277A1B00B77 /* Frameworks */ = {
			isa = PBXGroup;
			children = (
				2DFE79634F7E2E30ED3AC28C /* libPods-ImageCollecion.a */,
			);
			name = Frameworks;
			sourceTree = "<group>";
		};
		BAE44EA02273AD0D00E335F0 = {
			isa = PBXGroup;
			children = (
				BAE44EAB2273AD0D00E335F0 /* ImageCollecion */,
				BAE44EAA2273AD0D00E335F0 /* Products */,
				98284177AABEE3F1DAFC35F6 /* Pods */,
				99A7A66BE2DE4277A1B00B77 /* Frameworks */,
			);
			sourceTree = "<group>";
		};
		BAE44EAA2273AD0D00E335F0 /* Products */ = {
			isa = PBXGroup;
			children = (
				BAE44EA92273AD0D00E335F0 /* ImageCollecion.app */,
			);
			name = Products;
			sourceTree = "<group>";
		};
		BAE44EAB2273AD0D00E335F0 /* ImageCollecion */ = {
			isa = PBXGroup;
			children = (
				BAE44EC52273AED500E335F0 /* CollectionViewCell.h */,
				BA796C5B2273B3900078EBF9 /* woman1.png */,
				BA796C5C2273B3910078EBF9 /* woman2.png */,
				BA796C5A2273B38F0078EBF9 /* woman3.png */,
				BAE44EC62273AED500E335F0 /* CollectionViewCell.m */,
				BAE44EAC2273AD0D00E335F0 /* AppDelegate.h */,
				BAE44EAD2273AD0D00E335F0 /* AppDelegate.m */,
				BAE44EAF2273AD0D00E335F0 /* ViewController.h */,
				BAE44EB02273AD0D00E335F0 /* ViewController.m */,
				BAE44EB22273AD0E00E335F0 /* Main.storyboard */,
				BAE44EB52273AD8D00E335F0 /* Assets.xcassets */,
				BAE44EB72273AD8D00E335F0 /* LaunchScreen.storyboard */,
				BAE44EBA2273AD8E00E335F0 /* Info.plist */,
				BAE44EBB2273AD8E00E335F0 /* main.m */,
				BAE44EC22273AEB400E335F0 /* CollectionViewController.h */,
				BAE44EC32273AEB400E335F0 /* CollectionViewController.m */,
				BA796C602273C1870078EBF9 /* DataRetreiver.h */,
				BA796C612273C1880078EBF9 /* DataRetreiver.m */,
			);
			path = ImageCollecion;
			sourceTree = "<group>";
		};
/* End PBXGroup section */

/* Begin PBXNativeTarget section */
		BAE44EA82273AD0D00E335F0 /* ImageCollecion */ = {
			isa = PBXNativeTarget;
			buildConfigurationList = BAE44EBF2273AD8E00E335F0 /* Build configuration list for PBXNativeTarget "ImageCollecion" */;
			buildPhases = (
				6874CE24029FB33F3E7427DA /* [CP] Check Pods Manifest.lock */,
				BAE44EA52273AD0D00E335F0 /* Sources */,
				BAE44EA62273AD0D00E335F0 /* Frameworks */,
				BAE44EA72273AD0D00E335F0 /* Resources */,
			);
			buildRules = (
			);
			dependencies = (
			);
			name = ImageCollecion;
			productName = ImageCollecion;
			productReference = BAE44EA92273AD0D00E335F0 /* ImageCollecion.app */;
			productType = "com.apple.product-type.application";
		};
/* End PBXNativeTarget section */

/* Begin PBXProject section */
		BAE44EA12273AD0D00E335F0 /* Project object */ = {
			isa = PBXProject;
			attributes = {
				LastUpgradeCheck = 0930;
				ORGANIZATIONNAME = Sahar;
				TargetAttributes = {
					BAE44EA82273AD0D00E335F0 = {
						CreatedOnToolsVersion = 9.3;
					};
				};
			};
			buildConfigurationList = BAE44EA42273AD0D00E335F0 /* Build configuration list for PBXProject "ImageCollecion" */;
			compatibilityVersion = "Xcode 9.3";
			developmentRegion = en;
			hasScannedForEncodings = 0;
			knownRegions = (
				en,
				Base,
			);
			mainGroup = BAE44EA02273AD0D00E335F0;
			productRefGroup = BAE44EAA2273AD0D00E335F0 /* Products */;
			projectDirPath = "";
			projectRoot = "";
			targets = (
				BAE44EA82273AD0D00E335F0 /* ImageCollecion */,
			);
		};
/* End PBXProject section */

/* Begin PBXResourcesBuildPhase section */
		BAE44EA72273AD0D00E335F0 /* Resources */ = {
			isa = PBXResourcesBuildPhase;
			buildActionMask = 2147483647;
			files = (
				BAE44EB92273AD8D00E335F0 /* LaunchScreen.storyboard in Resources */,
				BAE44EB62273AD8D00E335F0 /* Assets.xcassets in Resources */,
				BA796C5D2273B3910078EBF9 /* woman3.png in Resources */,
				BA796C5F2273B3910078EBF9 /* woman2.png in Resources */,
				BAE44EB42273AD0E00E335F0 /* Main.storyboard in Resources */,
				BA796C5E2273B3910078EBF9 /* woman1.png in Resources */,
			);
			runOnlyForDeploymentPostprocessing = 0;
		};
/* End PBXResourcesBuildPhase section */

/* Begin PBXShellScriptBuildPhase section */
		6874CE24029FB33F3E7427DA /* [CP] Check Pods Manifest.lock */ = {
			isa = PBXShellScriptBuildPhase;
			buildActionMask = 2147483647;
			files = (
			);
			inputPaths = (
				"${PODS_PODFILE_DIR_PATH}/Podfile.lock",
				"${PODS_ROOT}/Manifest.lock",
			);
			name = "[CP] Check Pods Manifest.lock";
			outputPaths = (
				"$(DERIVED_FILE_DIR)/Pods-ImageCollecion-checkManifestLockResult.txt",
			);
			runOnlyForDeploymentPostprocessing = 0;
			shellPath = /bin/sh;
			shellScript = "diff \"${PODS_PODFILE_DIR_PATH}/Podfile.lock\" \"${PODS_ROOT}/Manifest.lock\" > /dev/null\nif [ $? != 0 ] ; then\n    # print error to STDERR\n    echo \"error: The sandbox is not in sync with the Podfile.lock. Run 'pod install' or update your CocoaPods installation.\" >&2\n    exit 1\nfi\n# This output is used by Xcode 'outputs' to avoid re-running this script phase.\necho \"SUCCESS\" > \"${SCRIPT_OUTPUT_FILE_0}\"\n";
			showEnvVarsInLog = 0;
		};
/* End PBXShellScriptBuildPhase section */

/* Begin PBXSourcesBuildPhase section */
		BAE44EA52273AD0D00E335F0 /* Sources */ = {
			isa = PBXSourcesBuildPhase;
			buildActionMask = 2147483647;
			files = (
				BAE44EC42273AEB400E335F0 /* CollectionViewController.m in Sources */,
				BAE44EC72273AED500E335F0 /* CollectionViewCell.m in Sources */,
				BA796C622273C1880078EBF9 /* DataRetreiver.m in Sources */,
				BAE44EB12273AD0D00E335F0 /* ViewController.m in Sources */,
				BAE44EBC2273AD8E00E335F0 /* main.m in Sources */,
				BAE44EAE2273AD0D00E335F0 /* AppDelegate.m in Sources */,
			);
			runOnlyForDeploymentPostprocessing = 0;
		};
/* End PBXSourcesBuildPhase section */

/* Begin PBXVariantGroup section */
		BAE44EB22273AD0E00E335F0 /* Main.storyboard */ = {
			isa = PBXVariantGroup;
			children = (
				BAE44EB32273AD0E00E335F0 /* Base */,
			);
			name = Main.storyboard;
			sourceTree = "<group>";
		};
		BAE44EB72273AD8D00E335F0 /* LaunchScreen.storyboard */ = {
			isa = PBXVariantGroup;
			children = (
				BAE44EB82273AD8D00E335F0 /* Base */,
			);
			name = LaunchScreen.storyboard;
			sourceTree = "<group>";
		};
/* End PBXVariantGroup section */

/* Begin XCBuildConfiguration section */
		BAE44EBD2273AD8E00E335F0 /* Debug */ = {
			isa = XCBuildConfiguration;
			buildSettings = {
				ALWAYS_SEARCH_USER_PATHS = NO;
				CLANG_ANALYZER_NONNULL = YES;
				CLANG_ANALYZER_NUMBER_OBJECT_CONVERSION = YES_AGGRESSIVE;
				CLANG_CXX_LANGUAGE_STANDARD = "gnu++14";
				CLANG_CXX_LIBRARY = "libc++";
				CLANG_ENABLE_MODULES = YES;
				CLANG_ENABLE_OBJC_ARC = YES;
				CLANG_ENABLE_OBJC_WEAK = YES;
				CLANG_WARN_BLOCK_CAPTURE_AUTORELEASING = YES;
				CLANG_WARN_BOOL_CONVERSION = YES;
				CLANG_WARN_COMMA = YES;
				CLANG_WARN_CONSTANT_CONVERSION = YES;
				CLANG_WARN_DEPRECATED_OBJC_IMPLEMENTATIONS = YES;
				CLANG_WARN_DIRECT_OBJC_ISA_USAGE = YES_ERROR;
				CLANG_WARN_DOCUMENTATION_COMMENTS = YES;
				CLANG_WARN_EMPTY_BODY = YES;
				CLANG_WARN_ENUM_CONVERSION = YES;
				CLANG_WARN_INFINITE_RECURSION = YES;
				CLANG_WARN_INT_CONVERSION = YES;
				CLANG_WARN_NON_LITERAL_NULL_CONVERSION = YES;
				CLANG_WARN_OBJC_IMPLICIT_RETAIN_SELF = YES;
				CLANG_WARN_OBJC_LITERAL_CONVERSION = YES;
				CLANG_WARN_OBJC_ROOT_CLASS = YES_ERROR;
				CLANG_WARN_RANGE_LOOP_ANALYSIS = YES;
				CLANG_WARN_STRICT_PROTOTYPES = YES;
				CLANG_WARN_SUSPICIOUS_MOVE = YES;
				CLANG_WARN_UNGUARDED_AVAILABILITY = YES_AGGRESSIVE;
				CLANG_WARN_UNREACHABLE_CODE = YES;
				CLANG_WARN__DUPLICATE_METHOD_MATCH = YES;
				CODE_SIGN_IDENTITY = "iPhone Developer";
				COPY_PHASE_STRIP = NO;
				DEBUG_INFORMATION_FORMAT = dwarf;
				ENABLE_STRICT_OBJC_MSGSEND = YES;
				ENABLE_TESTABILITY = YES;
				GCC_C_LANGUAGE_STANDARD = gnu11;
				GCC_DYNAMIC_NO_PIC = NO;
				GCC_NO_COMMON_BLOCKS = YES;
				GCC_OPTIMIZATION_LEVEL = 0;
				GCC_PREPROCESSOR_DEFINITIONS = (
					"DEBUG=1",
					"$(inherited)",
				);
				GCC_WARN_64_TO_32_BIT_CONVERSION = YES;
				GCC_WARN_ABOUT_RETURN_TYPE = YES_ERROR;
				GCC_WARN_UNDECLARED_SELECTOR = YES;
				GCC_WARN_UNINITIALIZED_AUTOS = YES_AGGRESSIVE;
				GCC_WARN_UNUSED_FUNCTION = YES;
				GCC_WARN_UNUSED_VARIABLE = YES;
				IPHONEOS_DEPLOYMENT_TARGET = 11.3;
				MTL_ENABLE_DEBUG_INFO = YES;
				ONLY_ACTIVE_ARCH = YES;
				SDKROOT = iphoneos;
			};
			name = Debug;
		};
		BAE44EBE2273AD8E00E335F0 /* Release */ = {
			isa = XCBuildConfiguration;
			buildSettings = {
				ALWAYS_SEARCH_USER_PATHS = NO;
				CLANG_ANALYZER_NONNULL = YES;
				CLANG_ANALYZER_NUMBER_OBJECT_CONVERSION = YES_AGGRESSIVE;
				CLANG_CXX_LANGUAGE_STANDARD = "gnu++14";
				CLANG_CXX_LIBRARY = "libc++";
				CLANG_ENABLE_MODULES = YES;
				CLANG_ENABLE_OBJC_ARC = YES;
				CLANG_ENABLE_OBJC_WEAK = YES;
				CLANG_WARN_BLOCK_CAPTURE_AUTORELEASING = YES;
				CLANG_WARN_BOOL_CONVERSION = YES;
				CLANG_WARN_COMMA = YES;
				CLANG_WARN_CONSTANT_CONVERSION = YES;
				CLANG_WARN_DEPRECATED_OBJC_IMPLEMENTATIONS = YES;
				CLANG_WARN_DIRECT_OBJC_ISA_USAGE = YES_ERROR;
				CLANG_WARN_DOCUMENTATION_COMMENTS = YES;
				CLANG_WARN_EMPTY_BODY = YES;
				CLANG_WARN_ENUM_CONVERSION = YES;
				CLANG_WARN_INFINITE_RECURSION = YES;
				CLANG_WARN_INT_CONVERSION = YES;
				CLANG_WARN_NON_LITERAL_NULL_CONVERSION = YES;
				CLANG_WARN_OBJC_IMPLICIT_RETAIN_SELF = YES;
				CLANG_WARN_OBJC_LITERAL_CONVERSION = YES;
				CLANG_WARN_OBJC_ROOT_CLASS = YES_ERROR;
				CLANG_WARN_RANGE_LOOP_ANALYSIS = YES;
				CLANG_WARN_STRICT_PROTOTYPES = YES;
				CLANG_WARN_SUSPICIOUS_MOVE = YES;
				CLANG_WARN_UNGUARDED_AVAILABILITY = YES_AGGRESSIVE;
				CLANG_WARN_UNREACHABLE_CODE = YES;
				CLANG_WARN__DUPLICATE_METHOD_MATCH = YES;
				CODE_SIGN_IDENTITY = "iPhone Developer";
				COPY_PHASE_STRIP = NO;
				DEBUG_INFORMATION_FORMAT = "dwarf-with-dsym";
				ENABLE_NS_ASSERTIONS = NO;
				ENABLE_STRICT_OBJC_MSGSEND = YES;
				GCC_C_LANGUAGE_STANDARD = gnu11;
				GCC_NO_COMMON_BLOCKS = YES;
				GCC_WARN_64_TO_32_BIT_CONVERSION = YES;
				GCC_WARN_ABOUT_RETURN_TYPE = YES_ERROR;
				GCC_WARN_UNDECLARED_SELECTOR = YES;
				GCC_WARN_UNINITIALIZED_AUTOS = YES_AGGRESSIVE;
				GCC_WARN_UNUSED_FUNCTION = YES;
				GCC_WARN_UNUSED_VARIABLE = YES;
				IPHONEOS_DEPLOYMENT_TARGET = 11.3;
				MTL_ENABLE_DEBUG_INFO = NO;
				SDKROOT = iphoneos;
				VALIDATE_PRODUCT = YES;
			};
			name = Release;
		};
		BAE44EC02273AD8E00E335F0 /* Debug */ = {
			isa = XCBuildConfiguration;
			baseConfigurationReference = 9A74C77649840E3ED87C8B5D /* Pods-ImageCollecion.debug.xcconfig */;
			buildSettings = {
				ASSETCATALOG_COMPILER_APPICON_NAME = AppIcon;
				CODE_SIGN_STYLE = Automatic;
				INFOPLIST_FILE = ImageCollecion/Info.plist;
				LD_RUNPATH_SEARCH_PATHS = "$(inherited) @executable_path/Frameworks";
				PRODUCT_BUNDLE_IDENTIFIER = com.ep.ImageCollecion;
				PRODUCT_NAME = "$(TARGET_NAME)";
				TARGETED_DEVICE_FAMILY = "1,2";
			};
			name = Debug;
		};
		BAE44EC12273AD8E00E335F0 /* Release */ = {
			isa = XCBuildConfiguration;
			baseConfigurationReference = 5803653F9680D4F3069B5BB3 /* Pods-ImageCollecion.release.xcconfig */;
			buildSettings = {
				ASSETCATALOG_COMPILER_APPICON_NAME = AppIcon;
				CODE_SIGN_STYLE = Automatic;
				INFOPLIST_FILE = ImageCollecion/Info.plist;
				LD_RUNPATH_SEARCH_PATHS = "$(inherited) @executable_path/Frameworks";
				PRODUCT_BUNDLE_IDENTIFIER = com.ep.ImageCollecion;
				PRODUCT_NAME = "$(TARGET_NAME)";
				TARGETED_DEVICE_FAMILY = "1,2";
			};
			name = Release;
		};
/* End XCBuildConfiguration section */

/* Begin XCConfigurationList section */
		BAE44EA42273AD0D00E335F0 /* Build configuration list for PBXProject "ImageCollecion" */ = {
			isa = XCConfigurationList;
			buildConfigurations = (
				BAE44EBD2273AD8E00E335F0 /* Debug */,
				BAE44EBE2273AD8E00E335F0 /* Release */,
			);
			defaultConfigurationIsVisible = 0;
			defaultConfigurationName = Release;
		};
		BAE44EBF2273AD8E00E335F0 /* Build configuration list for PBXNativeTarget "ImageCollecion" */ = {
			isa = XCConfigurationList;
			buildConfigurations = (
				BAE44EC02273AD8E00E335F0 /* Debug */,
				BAE44EC12273AD8E00E335F0 /* Release */,
			);
			defaultConfigurationIsVisible = 0;
			defaultConfigurationName = Release;
		};
/* End XCConfigurationList section */
	};
	rootObject = BAE44EA12273AD0D00E335F0 /* Project object */;
}
