// !$*UTF8*$!
{
	archiveVersion = 1;
	classes = {
	};
	objectVersion = 50;
	objects = {

/* Begin PBXBuildFile section */
		8F84441B227AE03100FFF947 /* AppDelegate.m in Sources */ = {isa = PBXBuildFile; fileRef = 8F84441A227AE03100FFF947 /* AppDelegate.m */; };
		8F84441E227AE03100FFF947 /* ViewController.m in Sources */ = {isa = PBXBuildFile; fileRef = 8F84441D227AE03100FFF947 /* ViewController.m */; };
		8F844421227AE03100FFF947 /* Main.storyboard in Resources */ = {isa = PBXBuildFile; fileRef = 8F84441F227AE03100FFF947 /* Main.storyboard */; };
		8F844424227AE03100FFF947 /* SingletonDemo.xcdatamodeld in Sources */ = {isa = PBXBuildFile; fileRef = 8F844422227AE03100FFF947 /* SingletonDemo.xcdatamodeld */; };
		8F844426227AE03100FFF947 /* Assets.xcassets in Resources */ = {isa = PBXBuildFile; fileRef = 8F844425227AE03100FFF947 /* Assets.xcassets */; };
		8F844429227AE03100FFF947 /* LaunchScreen.storyboard in Resources */ = {isa = PBXBuildFile; fileRef = 8F844427227AE03100FFF947 /* LaunchScreen.storyboard */; };
		8F84442C227AE03100FFF947 /* main.m in Sources */ = {isa = PBXBuildFile; fileRef = 8F84442B227AE03100FFF947 /* main.m */; };
		8F844434227AE06100FFF947 /* DBManager.m in Sources */ = {isa = PBXBuildFile; fileRef = 8F844433227AE06100FFF947 /* DBManager.m */; };
/* End PBXBuildFile section */

/* Begin PBXFileReference section */
		8F844416227AE03100FFF947 /* SingletonDemo.app */ = {isa = PBXFileReference; explicitFileType = wrapper.application; includeInIndex = 0; path = SingletonDemo.app; sourceTree = BUILT_PRODUCTS_DIR; };
		8F844419227AE03100FFF947 /* AppDelegate.h */ = {isa = PBXFileReference; lastKnownFileType = sourcecode.c.h; path = AppDelegate.h; sourceTree = "<group>"; };
		8F84441A227AE03100FFF947 /* AppDelegate.m */ = {isa = PBXFileReference; lastKnownFileType = sourcecode.c.objc; path = AppDelegate.m; sourceTree = "<group>"; };
		8F84441C227AE03100FFF947 /* ViewController.h */ = {isa = PBXFileReference; lastKnownFileType = sourcecode.c.h; path = ViewController.h; sourceTree = "<group>"; };
		8F84441D227AE03100FFF947 /* ViewController.m */ = {isa = PBXFileReference; lastKnownFileType = sourcecode.c.objc; path = ViewController.m; sourceTree = "<group>"; };
		8F844420227AE03100FFF947 /* Base */ = {isa = PBXFileReference; lastKnownFileType = file.storyboard; name = Base; path = Base.lproj/Main.storyboard; sourceTree = "<group>"; };
		8F844423227AE03100FFF947 /* SingletonDemo.xcdatamodel */ = {isa = PBXFileReference; lastKnownFileType = wrapper.xcdatamodel; path = SingletonDemo.xcdatamodel; sourceTree = "<group>"; };
		8F844425227AE03100FFF947 /* Assets.xcassets */ = {isa = PBXFileReference; lastKnownFileType = folder.assetcatalog; path = Assets.xcassets; sourceTree = "<group>"; };
		8F844428227AE03100FFF947 /* Base */ = {isa = PBXFileReference; lastKnownFileType = file.storyboard; name = Base; path = Base.lproj/LaunchScreen.storyboard; sourceTree = "<group>"; };
		8F84442A227AE03100FFF947 /* Info.plist */ = {isa = PBXFileReference; lastKnownFileType = text.plist.xml; path = Info.plist; sourceTree = "<group>"; };
		8F84442B227AE03100FFF947 /* main.m */ = {isa = PBXFileReference; lastKnownFileType = sourcecode.c.objc; path = main.m; sourceTree = "<group>"; };
		8F844432227AE06100FFF947 /* DBManager.h */ = {isa = PBXFileReference; lastKnownFileType = sourcecode.c.h; path = DBManager.h; sourceTree = "<group>"; };
		8F844433227AE06100FFF947 /* DBManager.m */ = {isa = PBXFileReference; lastKnownFileType = sourcecode.c.objc; path = DBManager.m; sourceTree = "<group>"; };
/* End PBXFileReference section */

/* Begin PBXFrameworksBuildPhase section */
		8F844413227AE03000FFF947 /* Frameworks */ = {
			isa = PBXFrameworksBuildPhase;
			buildActionMask = 2147483647;
			files = (
			);
			runOnlyForDeploymentPostprocessing = 0;
		};
/* End PBXFrameworksBuildPhase section */

/* Begin PBXGroup section */
		8F84440D227AE03000FFF947 = {
			isa = PBXGroup;
			children = (
				8F844418227AE03100FFF947 /* SingletonDemo */,
				8F844417227AE03100FFF947 /* Products */,
			);
			sourceTree = "<group>";
		};
		8F844417227AE03100FFF947 /* Products */ = {
			isa = PBXGroup;
			children = (
				8F844416227AE03100FFF947 /* SingletonDemo.app */,
			);
			name = Products;
			sourceTree = "<group>";
		};
		8F844418227AE03100FFF947 /* SingletonDemo */ = {
			isa = PBXGroup;
			children = (
				8F844419227AE03100FFF947 /* AppDelegate.h */,
				8F84441A227AE03100FFF947 /* AppDelegate.m */,
				8F84441C227AE03100FFF947 /* ViewController.h */,
				8F84441D227AE03100FFF947 /* ViewController.m */,
				8F84441F227AE03100FFF947 /* Main.storyboard */,
				8F844425227AE03100FFF947 /* Assets.xcassets */,
				8F844427227AE03100FFF947 /* LaunchScreen.storyboard */,
				8F84442A227AE03100FFF947 /* Info.plist */,
				8F84442B227AE03100FFF947 /* main.m */,
				8F844422227AE03100FFF947 /* SingletonDemo.xcdatamodeld */,
				8F844432227AE06100FFF947 /* DBManager.h */,
				8F844433227AE06100FFF947 /* DBManager.m */,
			);
			path = SingletonDemo;
			sourceTree = "<group>";
		};
/* End PBXGroup section */

/* Begin PBXNativeTarget section */
		8F844415227AE03000FFF947 /* SingletonDemo */ = {
			isa = PBXNativeTarget;
			buildConfigurationList = 8F84442F227AE03100FFF947 /* Build configuration list for PBXNativeTarget "SingletonDemo" */;
			buildPhases = (
				8F844412227AE03000FFF947 /* Sources */,
				8F844413227AE03000FFF947 /* Frameworks */,
				8F844414227AE03000FFF947 /* Resources */,
			);
			buildRules = (
			);
			dependencies = (
			);
			name = SingletonDemo;
			productName = SingletonDemo;
			productReference = 8F844416227AE03100FFF947 /* SingletonDemo.app */;
			productType = "com.apple.product-type.application";
		};
/* End PBXNativeTarget section */

/* Begin PBXProject section */
		8F84440E227AE03000FFF947 /* Project object */ = {
			isa = PBXProject;
			attributes = {
				LastUpgradeCheck = 1010;
				ORGANIZATIONNAME = iti;
				TargetAttributes = {
					8F844415227AE03000FFF947 = {
						CreatedOnToolsVersion = 10.1;
					};
				};
			};
			buildConfigurationList = 8F844411227AE03000FFF947 /* Build configuration list for PBXProject "SingletonDemo" */;
			compatibilityVersion = "Xcode 9.3";
			developmentRegion = en;
			hasScannedForEncodings = 0;
			knownRegions = (
				en,
				Base,
			);
			mainGroup = 8F84440D227AE03000FFF947;
			productRefGroup = 8F844417227AE03100FFF947 /* Products */;
			projectDirPath = "";
			projectRoot = "";
			targets = (
				8F844415227AE03000FFF947 /* SingletonDemo */,
			);
		};
/* End PBXProject section */

/* Begin PBXResourcesBuildPhase section */
		8F844414227AE03000FFF947 /* Resources */ = {
			isa = PBXResourcesBuildPhase;
			buildActionMask = 2147483647;
			files = (
				8F844429227AE03100FFF947 /* LaunchScreen.storyboard in Resources */,
				8F844426227AE03100FFF947 /* Assets.xcassets in Resources */,
				8F844421227AE03100FFF947 /* Main.storyboard in Resources */,
			);
			runOnlyForDeploymentPostprocessing = 0;
		};
/* End PBXResourcesBuildPhase section */

/* Begin PBXSourcesBuildPhase section */
		8F844412227AE03000FFF947 /* Sources */ = {
			isa = PBXSourcesBuildPhase;
			buildActionMask = 2147483647;
			files = (
				8F84441E227AE03100FFF947 /* ViewController.m in Sources */,
				8F844424227AE03100FFF947 /* SingletonDemo.xcdatamodeld in Sources */,
				8F84442C227AE03100FFF947 /* main.m in Sources */,
				8F84441B227AE03100FFF947 /* AppDelegate.m in Sources */,
				8F844434227AE06100FFF947 /* DBManager.m in Sources */,
			);
			runOnlyForDeploymentPostprocessing = 0;
		};
/* End PBXSourcesBuildPhase section */

/* Begin PBXVariantGroup section */
		8F84441F227AE03100FFF947 /* Main.storyboard */ = {
			isa = PBXVariantGroup;
			children = (
				8F844420227AE03100FFF947 /* Base */,
			);
			name = Main.storyboard;
			sourceTree = "<group>";
		};
		8F844427227AE03100FFF947 /* LaunchScreen.storyboard */ = {
			isa = PBXVariantGroup;
			children = (
				8F844428227AE03100FFF947 /* Base */,
			);
			name = LaunchScreen.storyboard;
			sourceTree = "<group>";
		};
/* End PBXVariantGroup section */

/* Begin XCBuildConfiguration section */
		8F84442D227AE03100FFF947 /* Debug */ = {
			isa = XCBuildConfiguration;
			buildSettings = {
				ALWAYS_SEARCH_USER_PATHS = NO;
				CLANG_ANALYZER_NONNULL = YES;
				CLANG_ANALYZER_NUMBER_OBJECT_CONVERSION = YES_AGGRESSIVE;
				CLANG_CXX_LANGUAGE_STANDARD = "gnu++14";
				CLANG_CXX_LIBRARY = "libc++";
				CLANG_ENABLE_MODULES = YES;
				CLANG_ENABLE_OBJC_ARC = YES;
				CLANG_ENABLE_OBJC_WEAK = YES;
				CLANG_WARN_BLOCK_CAPTURE_AUTORELEASING = YES;
				CLANG_WARN_BOOL_CONVERSION = YES;
				CLANG_WARN_COMMA = YES;
				CLANG_WARN_CONSTANT_CONVERSION = YES;
				CLANG_WARN_DEPRECATED_OBJC_IMPLEMENTATIONS = YES;
				CLANG_WARN_DIRECT_OBJC_ISA_USAGE = YES_ERROR;
				CLANG_WARN_DOCUMENTATION_COMMENTS = YES;
				CLANG_WARN_EMPTY_BODY = YES;
				CLANG_WARN_ENUM_CONVERSION = YES;
				CLANG_WARN_INFINITE_RECURSION = YES;
				CLANG_WARN_INT_CONVERSION = YES;
				CLANG_WARN_NON_LITERAL_NULL_CONVERSION = YES;
				CLANG_WARN_OBJC_IMPLICIT_RETAIN_SELF = YES;
				CLANG_WARN_OBJC_LITERAL_CONVERSION = YES;
				CLANG_WARN_OBJC_ROOT_CLASS = YES_ERROR;
				CLANG_WARN_RANGE_LOOP_ANALYSIS = YES;
				CLANG_WARN_STRICT_PROTOTYPES = YES;
				CLANG_WARN_SUSPICIOUS_MOVE = YES;
				CLANG_WARN_UNGUARDED_AVAILABILITY = YES_AGGRESSIVE;
				CLANG_WARN_UNREACHABLE_CODE = YES;
				CLANG_WARN__DUPLICATE_METHOD_MATCH = YES;
				CODE_SIGN_IDENTITY = "iPhone Developer";
				COPY_PHASE_STRIP = NO;
				DEBUG_INFORMATION_FORMAT = dwarf;
				ENABLE_STRICT_OBJC_MSGSEND = YES;
				ENABLE_TESTABILITY = YES;
				GCC_C_LANGUAGE_STANDARD = gnu11;
				GCC_DYNAMIC_NO_PIC = NO;
				GCC_NO_COMMON_BLOCKS = YES;
				GCC_OPTIMIZATION_LEVEL = 0;
				GCC_PREPROCESSOR_DEFINITIONS = (
					"DEBUG=1",
					"$(inherited)",
				);
				GCC_WARN_64_TO_32_BIT_CONVERSION = YES;
				GCC_WARN_ABOUT_RETURN_TYPE = YES_ERROR;
				GCC_WARN_UNDECLARED_SELECTOR = YES;
				GCC_WARN_UNINITIALIZED_AUTOS = YES_AGGRESSIVE;
				GCC_WARN_UNUSED_FUNCTION = YES;
				GCC_WARN_UNUSED_VARIABLE = YES;
				IPHONEOS_DEPLOYMENT_TARGET = 12.1;
				MTL_ENABLE_DEBUG_INFO = INCLUDE_SOURCE;
				MTL_FAST_MATH = YES;
				ONLY_ACTIVE_ARCH = YES;
				SDKROOT = iphoneos;
			};
			name = Debug;
		};
		8F84442E227AE03100FFF947 /* Release */ = {
			isa = XCBuildConfiguration;
			buildSettings = {
				ALWAYS_SEARCH_USER_PATHS = NO;
				CLANG_ANALYZER_NONNULL = YES;
				CLANG_ANALYZER_NUMBER_OBJECT_CONVERSION = YES_AGGRESSIVE;
				CLANG_CXX_LANGUAGE_STANDARD = "gnu++14";
				CLANG_CXX_LIBRARY = "libc++";
				CLANG_ENABLE_MODULES = YES;
				CLANG_ENABLE_OBJC_ARC = YES;
				CLANG_ENABLE_OBJC_WEAK = YES;
				CLANG_WARN_BLOCK_CAPTURE_AUTORELEASING = YES;
				CLANG_WARN_BOOL_CONVERSION = YES;
				CLANG_WARN_COMMA = YES;
				CLANG_WARN_CONSTANT_CONVERSION = YES;
				CLANG_WARN_DEPRECATED_OBJC_IMPLEMENTATIONS = YES;
				CLANG_WARN_DIRECT_OBJC_ISA_USAGE = YES_ERROR;
				CLANG_WARN_DOCUMENTATION_COMMENTS = YES;
				CLANG_WARN_EMPTY_BODY = YES;
				CLANG_WARN_ENUM_CONVERSION = YES;
				CLANG_WARN_INFINITE_RECURSION = YES;
				CLANG_WARN_INT_CONVERSION = YES;
				CLANG_WARN_NON_LITERAL_NULL_CONVERSION = YES;
				CLANG_WARN_OBJC_IMPLICIT_RETAIN_SELF = YES;
				CLANG_WARN_OBJC_LITERAL_CONVERSION = YES;
				CLANG_WARN_OBJC_ROOT_CLASS = YES_ERROR;
				CLANG_WARN_RANGE_LOOP_ANALYSIS = YES;
				CLANG_WARN_STRICT_PROTOTYPES = YES;
				CLANG_WARN_SUSPICIOUS_MOVE = YES;
				CLANG_WARN_UNGUARDED_AVAILABILITY = YES_AGGRESSIVE;
				CLANG_WARN_UNREACHABLE_CODE = YES;
				CLANG_WARN__DUPLICATE_METHOD_MATCH = YES;
				CODE_SIGN_IDENTITY = "iPhone Developer";
				COPY_PHASE_STRIP = NO;
				DEBUG_INFORMATION_FORMAT = "dwarf-with-dsym";
				ENABLE_NS_ASSERTIONS = NO;
				ENABLE_STRICT_OBJC_MSGSEND = YES;
				GCC_C_LANGUAGE_STANDARD = gnu11;
				GCC_NO_COMMON_BLOCKS = YES;
				GCC_WARN_64_TO_32_BIT_CONVERSION = YES;
				GCC_WARN_ABOUT_RETURN_TYPE = YES_ERROR;
				GCC_WARN_UNDECLARED_SELECTOR = YES;
				GCC_WARN_UNINITIALIZED_AUTOS = YES_AGGRESSIVE;
				GCC_WARN_UNUSED_FUNCTION = YES;
				GCC_WARN_UNUSED_VARIABLE = YES;
				IPHONEOS_DEPLOYMENT_TARGET = 12.1;
				MTL_ENABLE_DEBUG_INFO = NO;
				MTL_FAST_MATH = YES;
				SDKROOT = iphoneos;
				VALIDATE_PRODUCT = YES;
			};
			name = Release;
		};
		8F844430227AE03100FFF947 /* Debug */ = {
			isa = XCBuildConfiguration;
			buildSettings = {
				ASSETCATALOG_COMPILER_APPICON_NAME = AppIcon;
				CODE_SIGN_STYLE = Automatic;
				INFOPLIST_FILE = SingletonDemo/Info.plist;
				LD_RUNPATH_SEARCH_PATHS = (
					"$(inherited)",
					"@executable_path/Frameworks",
				);
				PRODUCT_BUNDLE_IDENTIFIER = JETS.SingletonDemo;
				PRODUCT_NAME = "$(TARGET_NAME)";
				TARGETED_DEVICE_FAMILY = "1,2";
			};
			name = Debug;
		};
		8F844431227AE03100FFF947 /* Release */ = {
			isa = XCBuildConfiguration;
			buildSettings = {
				ASSETCATALOG_COMPILER_APPICON_NAME = AppIcon;
				CODE_SIGN_STYLE = Automatic;
				INFOPLIST_FILE = SingletonDemo/Info.plist;
				LD_RUNPATH_SEARCH_PATHS = (
					"$(inherited)",
					"@executable_path/Frameworks",
				);
				PRODUCT_BUNDLE_IDENTIFIER = JETS.SingletonDemo;
				PRODUCT_NAME = "$(TARGET_NAME)";
				TARGETED_DEVICE_FAMILY = "1,2";
			};
			name = Release;
		};
/* End XCBuildConfiguration section */

/* Begin XCConfigurationList section */
		8F844411227AE03000FFF947 /* Build configuration list for PBXProject "SingletonDemo" */ = {
			isa = XCConfigurationList;
			buildConfigurations = (
				8F84442D227AE03100FFF947 /* Debug */,
				8F84442E227AE03100FFF947 /* Release */,
			);
			defaultConfigurationIsVisible = 0;
			defaultConfigurationName = Release;
		};
		8F84442F227AE03100FFF947 /* Build configuration list for PBXNativeTarget "SingletonDemo" */ = {
			isa = XCConfigurationList;
			buildConfigurations = (
				8F844430227AE03100FFF947 /* Debug */,
				8F844431227AE03100FFF947 /* Release */,
			);
			defaultConfigurationIsVisible = 0;
			defaultConfigurationName = Release;
		};
/* End XCConfigurationList section */

/* Begin XCVersionGroup section */
		8F844422227AE03100FFF947 /* SingletonDemo.xcdatamodeld */ = {
			isa = XCVersionGroup;
			children = (
				8F844423227AE03100FFF947 /* SingletonDemo.xcdatamodel */,
			);
			currentVersion = 8F844423227AE03100FFF947 /* SingletonDemo.xcdatamodel */;
			path = SingletonDemo.xcdatamodeld;
			sourceTree = "<group>";
			versionGroupType = wrapper.xcdatamodel;
		};
/* End XCVersionGroup section */
	};
	rootObject = 8F84440E227AE03000FFF947 /* Project object */;
}
